
Microsoft Visual Studio Solution File, Format Version 12.00
# Visual Studio Version 16
VisualStudioVersion = 16.0.29911.84
MinimumVisualStudioVersion = 10.0.40219.1
Project("{FAE04EC0-301F-11D3-BF4B-00C04F79EFBC}") = "botmaybe", "botmaybe\botmaybe.csproj", "{9358FFCC-1D1C-42C7-9EA6-5034D0E2AA7E}"
EndProject
Global
	GlobalSection(SolutionConfigurationPlatforms) = preSolution
		Debug|Any CPU = Debug|Any CPU
		Release|Any CPU = Release|Any CPU
	EndGlobalSection
	GlobalSection(ProjectConfigurationPlatforms) = postSolution
		{9358FFCC-1D1C-42C7-9EA6-5034D0E2AA7E}.Debug|Any CPU.ActiveCfg = Debug|Any CPU
		{9358FFCC-1D1C-42C7-9EA6-5034D0E2AA7E}.Debug|Any CPU.Build.0 = Debug|Any CPU
		{9358FFCC-1D1C-42C7-9EA6-5034D0E2AA7E}.Release|Any CPU.ActiveCfg = Release|Any CPU
		{9358FFCC-1D1C-42C7-9EA6-5034D0E2AA7E}.Release|Any CPU.Build.0 = Release|Any CPU
	EndGlobalSection
	GlobalSection(SolutionProperties) = preSolution
		HideSolutionNode = FALSE
	EndGlobalSection
	GlobalSection(ExtensibilityGlobals) = postSolution
		SolutionGuid = {9084CA6D-CB52-4FDD-8A7A-3269AF4B04BC}
	EndGlobalSection
EndGlobal
